
Microsoft Visual Studio Solution File, Format Version 12.00
# Visual Studio 15
VisualStudioVersion = 15.0.28010.2036
MinimumVisualStudioVersion = 10.0.40219.1
Project("{FAE04EC0-301F-11D3-BF4B-00C04F79EFBC}") = "StorageView", "StorageView\StorageView.csproj", "{B2305ADB-9E7C-4128-A715-4229BDFBA95D}"
EndProject
Global
	GlobalSection(SolutionConfigurationPlatforms) = preSolution
		Debug|Any CPU = Debug|Any CPU
		Release|Any CPU = Release|Any CPU
	EndGlobalSection
	GlobalSection(ProjectConfigurationPlatforms) = postSolution
		{B2305ADB-9E7C-4128-A715-4229BDFBA95D}.Debug|Any CPU.ActiveCfg = Debug|Any CPU
		{B2305ADB-9E7C-4128-A715-4229BDFBA95D}.Debug|Any CPU.Build.0 = Debug|Any CPU
		{B2305ADB-9E7C-4128-A715-4229BDFBA95D}.Release|Any CPU.ActiveCfg = Release|Any CPU
		{B2305ADB-9E7C-4128-A715-4229BDFBA95D}.Release|Any CPU.Build.0 = Release|Any CPU
	EndGlobalSection
	GlobalSection(SolutionProperties) = preSolution
		HideSolutionNode = FALSE
	EndGlobalSection
	GlobalSection(ExtensibilityGlobals) = postSolution
		SolutionGuid = {2AC30AE3-F4EB-424A-900E-CED37FCF46F1}
	EndGlobalSection
EndGlobal
